
Microsoft Visual Studio Solution File, Format Version 12.00
# Visual Studio Version 17
VisualStudioVersion = 17.10.34916.146
MinimumVisualStudioVersion = 10.0.40219.1
Project("{9A19103F-16F7-4668-BE54-9A1E7A4F7556}") = "Super Adventure", "Super Adventure\Super Adventure.csproj", "{80900287-612F-43F1-9102-9FDDCBB3527D}"
EndProject
Project("{9A19103F-16F7-4668-BE54-9A1E7A4F7556}") = "SuperAdventure.ViewModels", "SuperAdventure.ViewModels\SuperAdventure.ViewModels.csproj", "{5E7B442D-E21D-40B5-8A4B-F6BCAA871F26}"
EndProject
Project("{9A19103F-16F7-4668-BE54-9A1E7A4F7556}") = "SuperAdventure.Models", "SuperAdventure.Models\SuperAdventure.Models.csproj", "{12AD68B5-4340-4655-AA0E-FC3B2DF6F062}"
EndProject
Project("{9A19103F-16F7-4668-BE54-9A1E7A4F7556}") = "SuperAdventure.Services", "SuperAdventure.Services\SuperAdventure.Services.csproj", "{8A77844E-958B-4001-AA5A-96E92DB97829}"
EndProject
Project("{9A19103F-16F7-4668-BE54-9A1E7A4F7556}") = "SuperAdventure.Core", "SuperAdventure.Core\SuperAdventure.Core.csproj", "{137707EB-B964-456F-9A30-ED3FF1663FAC}"
EndProject
Global
	GlobalSection(SolutionConfigurationPlatforms) = preSolution
		Debug|Any CPU = Debug|Any CPU
		Release|Any CPU = Release|Any CPU
	EndGlobalSection
	GlobalSection(ProjectConfigurationPlatforms) = postSolution
		{80900287-612F-43F1-9102-9FDDCBB3527D}.Debug|Any CPU.ActiveCfg = Debug|Any CPU
		{80900287-612F-43F1-9102-9FDDCBB3527D}.Debug|Any CPU.Build.0 = Debug|Any CPU
		{80900287-612F-43F1-9102-9FDDCBB3527D}.Release|Any CPU.ActiveCfg = Release|Any CPU
		{80900287-612F-43F1-9102-9FDDCBB3527D}.Release|Any CPU.Build.0 = Release|Any CPU
		{5E7B442D-E21D-40B5-8A4B-F6BCAA871F26}.Debug|Any CPU.ActiveCfg = Debug|Any CPU
		{5E7B442D-E21D-40B5-8A4B-F6BCAA871F26}.Debug|Any CPU.Build.0 = Debug|Any CPU
		{5E7B442D-E21D-40B5-8A4B-F6BCAA871F26}.Release|Any CPU.ActiveCfg = Release|Any CPU
		{5E7B442D-E21D-40B5-8A4B-F6BCAA871F26}.Release|Any CPU.Build.0 = Release|Any CPU
		{12AD68B5-4340-4655-AA0E-FC3B2DF6F062}.Debug|Any CPU.ActiveCfg = Debug|Any CPU
		{12AD68B5-4340-4655-AA0E-FC3B2DF6F062}.Debug|Any CPU.Build.0 = Debug|Any CPU
		{12AD68B5-4340-4655-AA0E-FC3B2DF6F062}.Release|Any CPU.ActiveCfg = Release|Any CPU
		{12AD68B5-4340-4655-AA0E-FC3B2DF6F062}.Release|Any CPU.Build.0 = Release|Any CPU
		{8A77844E-958B-4001-AA5A-96E92DB97829}.Debug|Any CPU.ActiveCfg = Debug|Any CPU
		{8A77844E-958B-4001-AA5A-96E92DB97829}.Debug|Any CPU.Build.0 = Debug|Any CPU
		{8A77844E-958B-4001-AA5A-96E92DB97829}.Release|Any CPU.ActiveCfg = Release|Any CPU
		{8A77844E-958B-4001-AA5A-96E92DB97829}.Release|Any CPU.Build.0 = Release|Any CPU
		{137707EB-B964-456F-9A30-ED3FF1663FAC}.Debug|Any CPU.ActiveCfg = Debug|Any CPU
		{137707EB-B964-456F-9A30-ED3FF1663FAC}.Debug|Any CPU.Build.0 = Debug|Any CPU
		{137707EB-B964-456F-9A30-ED3FF1663FAC}.Release|Any CPU.ActiveCfg = Release|Any CPU
		{137707EB-B964-456F-9A30-ED3FF1663FAC}.Release|Any CPU.Build.0 = Release|Any CPU
	EndGlobalSection
	GlobalSection(SolutionProperties) = preSolution
		HideSolutionNode = FALSE
	EndGlobalSection
	GlobalSection(ExtensibilityGlobals) = postSolution
		SolutionGuid = {798A7838-4019-482B-A9AE-C27E0302A2AF}
	EndGlobalSection
EndGlobal
